
Microsoft Visual Studio Solution File, Format Version 12.00
# Visual Studio Version 17
VisualStudioVersion = 17.2.32526.322
MinimumVisualStudioVersion = 10.0.40219.1
Project("{FAE04EC0-301F-11D3-BF4B-00C04F79EFBC}") = "userConfApp", "userConfApp\userConfApp.csproj", "{DF738783-EE0F-4A4F-B6D6-ADB3F3088C4F}"
EndProject
Global
	GlobalSection(SolutionConfigurationPlatforms) = preSolution
		Debug|Any CPU = Debug|Any CPU
		Release|Any CPU = Release|Any CPU
	EndGlobalSection
	GlobalSection(ProjectConfigurationPlatforms) = postSolution
		{DF738783-EE0F-4A4F-B6D6-ADB3F3088C4F}.Debug|Any CPU.ActiveCfg = Debug|Any CPU
		{DF738783-EE0F-4A4F-B6D6-ADB3F3088C4F}.Debug|Any CPU.Build.0 = Debug|Any CPU
		{DF738783-EE0F-4A4F-B6D6-ADB3F3088C4F}.Release|Any CPU.ActiveCfg = Release|Any CPU
		{DF738783-EE0F-4A4F-B6D6-ADB3F3088C4F}.Release|Any CPU.Build.0 = Release|Any CPU
	EndGlobalSection
	GlobalSection(SolutionProperties) = preSolution
		HideSolutionNode = FALSE
	EndGlobalSection
	GlobalSection(ExtensibilityGlobals) = postSolution
		SolutionGuid = {011F8D77-5495-4CD5-B2F2-D2911E3F9C57}
	EndGlobalSection
EndGlobal
